<?xml version="1.0" encoding="utf-8"?>
<Project ToolsVersion="4.0" xmlns="http://schemas.microsoft.com/developer/msbuild/2003">
  <ItemGroup>
    <Filter Include="Source Files">
      <UniqueIdentifier>{04211fdb-69e9-490a-9542-0aabc8914122}</UniqueIdentifier>
      <Extensions>cpp;c;cxx;rc;def;r;odl;idl;hpj;bat</Extensions>
    </Filter>
    <Filter Include="Header Files">
      <UniqueIdentifier>{470885de-f902-4bd9-9995-b0cd0b27d714}</UniqueIdentifier>
      <Extensions>h;hpp;hxx;hm;inl</Extensions>
    </Filter>
    <Filter Include="Resource Files">
      <UniqueIdentifier>{038fc5e1-ee69-41fd-9294-915ed780b99f}</UniqueIdentifier>
      <Extensions>ico;cur;bmp;dlg;rc2;rct;bin;rgs;gif;jpg;jpeg;jpe</Extensions>
    </Filter>
  </ItemGroup>
  <ItemGroup>
    <ClCompile Include="european_cup.cpp">
      <Filter>Source Files</Filter>
    </ClCompile>
    <ClCompile Include="NickDLL.cpp">
      <Filter>Source Files</Filter>
    </ClCompile>
    <ClCompile Include="Config.cpp">
      <Filter>Source Files</Filter>
    </ClCompile>
    <ClCompile Include="tiny-json.c">
      <Filter>Source Files</Filter>
    </ClCompile>
    <ClCompile Include="tapani_relegation_patch.cpp">
      <Filter>Source Files</Filter>
    </ClCompile>
    <ClCompile Include="inject_club_renames.cpp">
      <Filter>Source Files</Filter>
    </ClCompile>
    <ClCompile Include="CONCACAF\concacaf.cpp">
      <Filter>Source Files</Filter>
    </ClCompile>
    <ClCompile Include="CONMEBOL\conmebol_helper.cpp">
      <Filter>Source Files</Filter>
    </ClCompile>
    <ClCompile Include="CONMEBOL\libertadores.cpp">
      <Filter>Source Files</Filter>
    </ClCompile>
    <ClCompile Include="CONMEBOL\libertadores_calendar.cpp">
      <Filter>Source Files</Filter>
    </ClCompile>
    <ClCompile Include="CONMEBOL\sudamericana.cpp">
      <Filter>Source Files</Filter>
    </ClCompile>
    <ClCompile Include="England\eng_conf.cpp">
      <Filter>Source Files</Filter>
    </ClCompile>
    <ClCompile Include="England\eng_fa_cup.cpp">
      <Filter>Source Files</Filter>
    </ClCompile>
    <ClCompile Include="England\eng_setup.cpp">
      <Filter>Source Files</Filter>
    </ClCompile>
    <ClCompile Include="England\eng_third.cpp">
      <Filter>Source Files</Filter>
    </ClCompile>
    <ClCompile Include="Helpers\generic_functions.cpp">
      <Filter>Source Files</Filter>
    </ClCompile>
    <ClCompile Include="Helpers\Helper.cpp">
      <Filter>Source Files</Filter>
    </ClCompile>
    <ClCompile Include="Structures\CMHeader.cpp">
      <Filter>Source Files</Filter>
    </ClCompile>
    <ClCompile Include="England\eng_prm.cpp">
      <Filter>Source Files</Filter>
    </ClCompile>
    <ClCompile Include="England\eng_conf_n.cpp">
      <Filter>Source Files</Filter>
    </ClCompile>
    <ClCompile Include="England\eng_conf_s.cpp">
      <Filter>Source Files</Filter>
    </ClCompile>
    <ClCompile Include="England\eng_fa_trophy.cpp">
      <Filter>Source Files</Filter>
    </ClCompile>
    <ClCompile Include="England\eng_first.cpp">
      <Filter>Source Files</Filter>
    </ClCompile>
    <ClCompile Include="Italy\ita_setup.cpp">
      <Filter>Source Files</Filter>
    </ClCompile>
    <ClCompile Include="England\eng_awards.cpp">
      <Filter>Source Files</Filter>
    </ClCompile>
    <ClCompile Include="Italy\ita_awards.cpp">
      <Filter>Source Files</Filter>
    </ClCompile>
    <ClCompile Include="Italy\ita_ser_c.cpp">
      <Filter>Source Files</Filter>
    </ClCompile>
    <ClCompile Include="Italy\ita_cup.cpp">
      <Filter>Source Files</Filter>
    </ClCompile>
    <ClCompile Include="Italy\ita_c_cup.cpp">
      <Filter>Source Files</Filter>
    </ClCompile>
    <ClCompile Include="Italy\ita_ser_a.cpp">
      <Filter>Source Files</Filter>
    </ClCompile>
    <ClCompile Include="Italy\ita_ser_b.cpp">
      <Filter>Source Files</Filter>
    </ClCompile>
  </ItemGroup>
  <ItemGroup>
    <ClInclude Include="european_cup.h">
      <Filter>Header Files</Filter>
    </ClInclude>
    <ClInclude Include="Config.h">
      <Filter>Header Files</Filter>
    </ClInclude>
    <ClInclude Include="NString.h">
      <Filter>Header Files</Filter>
    </ClInclude>
    <ClInclude Include="tiny-json.h">
      <Filter>Header Files</Filter>
    </ClInclude>
    <ClInclude Include="inject_club_renames.h">
      <Filter>Header Files</Filter>
    </ClInclude>
    <ClInclude Include="CONCACAF\concacaf.h">
      <Filter>Header Files</Filter>
    </ClInclude>
    <ClInclude Include="CONMEBOL\conmebol_helper.h">
      <Filter>Header Files</Filter>
    </ClInclude>
    <ClInclude Include="CONMEBOL\libertadores.h">
      <Filter>Header Files</Filter>
    </ClInclude>
    <ClInclude Include="CONMEBOL\libertadores_calendar.h">
      <Filter>Header Files</Filter>
    </ClInclude>
    <ClInclude Include="CONMEBOL\sudamericana.h">
      <Filter>Header Files</Filter>
    </ClInclude>
    <ClInclude Include="England\eng_conf.h">
      <Filter>Header Files</Filter>
    </ClInclude>
    <ClInclude Include="England\eng_fa_cup.h">
      <Filter>Header Files</Filter>
    </ClInclude>
    <ClInclude Include="England\eng_setup.h">
      <Filter>Header Files</Filter>
    </ClInclude>
    <ClInclude Include="England\eng_third.h">
      <Filter>Header Files</Filter>
    </ClInclude>
    <ClInclude Include="Helpers\constants.h">
      <Filter>Header Files</Filter>
    </ClInclude>
    <ClInclude Include="Helpers\generic_functions.h">
      <Filter>Header Files</Filter>
    </ClInclude>
    <ClInclude Include="Helpers\Helper.h">
      <Filter>Header Files</Filter>
    </ClInclude>
    <ClInclude Include="Structures\CMHeader.h">
      <Filter>Header Files</Filter>
    </ClInclude>
    <ClInclude Include="Structures\Date.h">
      <Filter>Header Files</Filter>
    </ClInclude>
    <ClInclude Include="Structures\vtable.h">
      <Filter>Header Files</Filter>
    </ClInclude>
    <ClInclude Include="England\eng_prm.h">
      <Filter>Header Files</Filter>
    </ClInclude>
    <ClInclude Include="England\eng_conf_n.h">
      <Filter>Header Files</Filter>
    </ClInclude>
    <ClInclude Include="England\eng_conf_s.h">
      <Filter>Header Files</Filter>
    </ClInclude>
    <ClInclude Include="England\eng_fa_trophy.h">
      <Filter>Header Files</Filter>
    </ClInclude>
    <ClInclude Include="England\eng_first.h">
      <Filter>Header Files</Filter>
    </ClInclude>
    <ClInclude Include="Italy\ita_setup.h">
      <Filter>Header Files</Filter>
    </ClInclude>
    <ClInclude Include="England\eng_awards.h">
      <Filter>Header Files</Filter>
    </ClInclude>
    <ClInclude Include="Italy\ita_awards.h">
      <Filter>Header Files</Filter>
    </ClInclude>
    <ClInclude Include="Italy\ita_ser_c.h">
      <Filter>Header Files</Filter>
    </ClInclude>
    <ClInclude Include="Italy\ita_cup.h">
      <Filter>Header Files</Filter>
    </ClInclude>
    <ClInclude Include="Italy\ita_c_cup.h">
      <Filter>Header Files</Filter>
    </ClInclude>
    <ClInclude Include="Italy\ita_ser_a.h">
      <Filter>Header Files</Filter>
    </ClInclude>
    <ClInclude Include="Helpers\new_league_ids.h">
      <Filter>Header Files</Filter>
    </ClInclude>
    <ClInclude Include="Italy\ita_ser_b.h">
      <Filter>Header Files</Filter>
    </ClInclude>
  </ItemGroup>
</Project>