<?xml version="1.0" encoding="utf-8"?>
<Project ToolsVersion="4.0" xmlns="http://schemas.microsoft.com/developer/msbuild/2003">
  <ItemGroup>
    <Filter Include="Source Files">
      <UniqueIdentifier>{04211fdb-69e9-490a-9542-0aabc8914122}</UniqueIdentifier>
      <Extensions>cpp;c;cxx;rc;def;r;odl;idl;hpj;bat</Extensions>
    </Filter>
    <Filter Include="Header Files">
      <UniqueIdentifier>{470885de-f902-4bd9-9995-b0cd0b27d714}</UniqueIdentifier>
      <Extensions>h;hpp;hxx;hm;inl</Extensions>
    </Filter>
    <Filter Include="Resource Files">
      <UniqueIdentifier>{038fc5e1-ee69-41fd-9294-915ed780b99f}</UniqueIdentifier>
      <Extensions>ico;cur;bmp;dlg;rc2;rct;bin;rgs;gif;jpg;jpeg;jpe</Extensions>
    </Filter>
  </ItemGroup>
  <ItemGroup>
    <ClCompile Include="CMHeader.cpp">
      <Filter>Source Files</Filter>
    </ClCompile>
    <ClCompile Include="european_cup.cpp">
      <Filter>Source Files</Filter>
    </ClCompile>
    <ClCompile Include="Helper.cpp">
      <Filter>Source Files</Filter>
    </ClCompile>
    <ClCompile Include="NickDLL.cpp">
      <Filter>Source Files</Filter>
    </ClCompile>
    <ClCompile Include="sudamericana.cpp">
      <Filter>Source Files</Filter>
    </ClCompile>
    <ClCompile Include="libertadores.cpp">
      <Filter>Source Files</Filter>
    </ClCompile>
    <ClCompile Include="concacaf.cpp">
      <Filter>Source Files</Filter>
    </ClCompile>
    <ClCompile Include="libertadores_calendar.cpp">
      <Filter>Source Files</Filter>
    </ClCompile>
    <ClCompile Include="Config.cpp">
      <Filter>Source Files</Filter>
    </ClCompile>
    <ClCompile Include="generic_functions.cpp">
      <Filter>Source Files</Filter>
    </ClCompile>
    <ClCompile Include="tiny-json.c">
      <Filter>Source Files</Filter>
    </ClCompile>
    <ClCompile Include="tapani_relegation_patch.cpp">
      <Filter>Source Files</Filter>
    </ClCompile>
    <ClCompile Include="inject_club_renames.cpp">
      <Filter>Source Files</Filter>
    </ClCompile>
    <ClCompile Include="conmebol_helper.cpp">
      <Filter>Source Files</Filter>
    </ClCompile>
  </ItemGroup>
  <ItemGroup>
    <ClInclude Include="CMHeader.h">
      <Filter>Header Files</Filter>
    </ClInclude>
    <ClInclude Include="european_cup.h">
      <Filter>Header Files</Filter>
    </ClInclude>
    <ClInclude Include="Helper.h">
      <Filter>Header Files</Filter>
    </ClInclude>
    <ClInclude Include="sudamericana.h">
      <Filter>Header Files</Filter>
    </ClInclude>
    <ClInclude Include="libertadores.h">
      <Filter>Header Files</Filter>
    </ClInclude>
    <ClInclude Include="conmebol_helper.h">
      <Filter>Header Files</Filter>
    </ClInclude>
    <ClInclude Include="libertadores_calendar.h">
      <Filter>Header Files</Filter>
    </ClInclude>
    <ClInclude Include="concacaf.h">
      <Filter>Header Files</Filter>
    </ClInclude>
    <ClInclude Include="Config.h">
      <Filter>Header Files</Filter>
    </ClInclude>
    <ClInclude Include="Date.h">
      <Filter>Header Files</Filter>
    </ClInclude>
    <ClInclude Include="generic_functions.h">
      <Filter>Header Files</Filter>
    </ClInclude>
    <ClInclude Include="NString.h">
      <Filter>Header Files</Filter>
    </ClInclude>
    <ClInclude Include="tiny-json.h">
      <Filter>Header Files</Filter>
    </ClInclude>
    <ClInclude Include="constants.h">
      <Filter>Header Files</Filter>
    </ClInclude>
    <ClInclude Include="vtable.h">
      <Filter>Header Files</Filter>
    </ClInclude>
    <ClInclude Include="inject_club_renames.h">
      <Filter>Header Files</Filter>
    </ClInclude>
  </ItemGroup>
</Project>