<?xml version="1.0" encoding="utf-8"?>
<Project ToolsVersion="4.0" xmlns="http://schemas.microsoft.com/developer/msbuild/2003">
  <ItemGroup>
    <Filter Include="Source Files">
      <UniqueIdentifier>{04211fdb-69e9-490a-9542-0aabc8914122}</UniqueIdentifier>
      <Extensions>cpp;c;cxx;rc;def;r;odl;idl;hpj;bat</Extensions>
    </Filter>
    <Filter Include="Header Files">
      <UniqueIdentifier>{470885de-f902-4bd9-9995-b0cd0b27d714}</UniqueIdentifier>
      <Extensions>h;hpp;hxx;hm;inl</Extensions>
    </Filter>
    <Filter Include="Resource Files">
      <UniqueIdentifier>{038fc5e1-ee69-41fd-9294-915ed780b99f}</UniqueIdentifier>
      <Extensions>ico;cur;bmp;dlg;rc2;rct;bin;rgs;gif;jpg;jpeg;jpe</Extensions>
    </Filter>
  </ItemGroup>
  <ItemGroup>
    <ClCompile Include="NickDLL.cpp">
      <Filter>Source Files</Filter>
    </ClCompile>
    <ClCompile Include="Config.cpp">
      <Filter>Source Files</Filter>
    </ClCompile>
    <ClCompile Include="tiny-json.c">
      <Filter>Source Files</Filter>
    </ClCompile>
    <ClCompile Include="inject_9cf_rename.cpp">
      <Filter>Source Files</Filter>
    </ClCompile>
    <ClCompile Include="England\eng_conf.cpp">
      <Filter>Source Files</Filter>
    </ClCompile>
    <ClCompile Include="England\eng_fa_cup.cpp">
      <Filter>Source Files</Filter>
    </ClCompile>
    <ClCompile Include="England\eng_setup.cpp">
      <Filter>Source Files</Filter>
    </ClCompile>
    <ClCompile Include="England\eng_league_2.cpp">
      <Filter>Source Files</Filter>
    </ClCompile>
    <ClCompile Include="Helpers\generic_functions.cpp">
      <Filter>Source Files</Filter>
    </ClCompile>
    <ClCompile Include="Helpers\Helper.cpp">
      <Filter>Source Files</Filter>
    </ClCompile>
    <ClCompile Include="Structures\CMHeader.cpp">
      <Filter>Source Files</Filter>
    </ClCompile>
    <ClCompile Include="England\eng_premier.cpp">
      <Filter>Source Files</Filter>
    </ClCompile>
    <ClCompile Include="England\eng_conf_n.cpp">
      <Filter>Source Files</Filter>
    </ClCompile>
    <ClCompile Include="England\eng_conf_s.cpp">
      <Filter>Source Files</Filter>
    </ClCompile>
    <ClCompile Include="England\eng_fa_trophy.cpp">
      <Filter>Source Files</Filter>
    </ClCompile>
    <ClCompile Include="England\eng_champ.cpp">
      <Filter>Source Files</Filter>
    </ClCompile>
    <ClCompile Include="Italy\ita_setup.cpp">
      <Filter>Source Files</Filter>
    </ClCompile>
    <ClCompile Include="England\eng_awards.cpp">
      <Filter>Source Files</Filter>
    </ClCompile>
    <ClCompile Include="Italy\ita_awards.cpp">
      <Filter>Source Files</Filter>
    </ClCompile>
    <ClCompile Include="Italy\ita_ser_c.cpp">
      <Filter>Source Files</Filter>
    </ClCompile>
    <ClCompile Include="Italy\ita_cup.cpp">
      <Filter>Source Files</Filter>
    </ClCompile>
    <ClCompile Include="Italy\ita_c_cup.cpp">
      <Filter>Source Files</Filter>
    </ClCompile>
    <ClCompile Include="Italy\ita_ser_a.cpp">
      <Filter>Source Files</Filter>
    </ClCompile>
    <ClCompile Include="Italy\ita_ser_b.cpp">
      <Filter>Source Files</Filter>
    </ClCompile>
    <ClCompile Include="Italy\ita_c_supercup.cpp">
      <Filter>Source Files</Filter>
    </ClCompile>
    <ClCompile Include="Croatia\cro_setup.cpp">
      <Filter>Source Files</Filter>
    </ClCompile>
    <ClCompile Include="Croatia\cro_first.cpp">
      <Filter>Source Files</Filter>
    </ClCompile>
    <ClCompile Include="Croatia\cro_second.cpp">
      <Filter>Source Files</Filter>
    </ClCompile>
    <ClCompile Include="Croatia\cro_third.cpp">
      <Filter>Source Files</Filter>
    </ClCompile>
    <ClCompile Include="Croatia\cro_awards.cpp">
      <Filter>Source Files</Filter>
    </ClCompile>
    <ClCompile Include="Croatia\cro_cup.cpp">
      <Filter>Source Files</Filter>
    </ClCompile>
    <ClCompile Include="Croatia\cro_super.cpp">
      <Filter>Source Files</Filter>
    </ClCompile>
    <ClCompile Include="Germany\ger_setup.cpp">
      <Filter>Source Files</Filter>
    </ClCompile>
    <ClCompile Include="Germany\ger_first.cpp">
      <Filter>Source Files</Filter>
    </ClCompile>
    <ClCompile Include="Germany\ger_second.cpp">
      <Filter>Source Files</Filter>
    </ClCompile>
    <ClCompile Include="Germany\ger_third.cpp">
      <Filter>Source Files</Filter>
    </ClCompile>
    <ClCompile Include="Helpers\9cf_constants.cpp">
      <Filter>Source Files</Filter>
    </ClCompile>
    <ClCompile Include="Helpers\YearChanger.cpp">
      <Filter>Source Files</Filter>
    </ClCompile>
    <ClCompile Include="Germany\ger_regional.cpp">
      <Filter>Source Files</Filter>
    </ClCompile>
    <ClCompile Include="Germany\ger_cup.cpp">
      <Filter>Source Files</Filter>
    </ClCompile>
    <ClCompile Include="Germany\ger_super.cpp">
      <Filter>Source Files</Filter>
    </ClCompile>
    <ClCompile Include="Germany\ger_awards.cpp">
      <Filter>Source Files</Filter>
    </ClCompile>
    <ClCompile Include="Germany\ger_awards_default.cpp">
      <Filter>Source Files</Filter>
    </ClCompile>
    <ClCompile Include="Portugal\por_setup.cpp">
      <Filter>Source Files</Filter>
    </ClCompile>
    <ClCompile Include="Portugal\por_first.cpp">
      <Filter>Source Files</Filter>
    </ClCompile>
    <ClCompile Include="Portugal\por_second.cpp">
      <Filter>Source Files</Filter>
    </ClCompile>
    <ClCompile Include="Portugal\por_third.cpp">
      <Filter>Source Files</Filter>
    </ClCompile>
    <ClCompile Include="Portugal\por_fourth.cpp">
      <Filter>Source Files</Filter>
    </ClCompile>
    <ClCompile Include="Portugal\por_cup.cpp">
      <Filter>Source Files</Filter>
    </ClCompile>
    <ClCompile Include="Portugal\por_league_cup.cpp">
      <Filter>Source Files</Filter>
    </ClCompile>
    <ClCompile Include="Portugal\por_super.cpp">
      <Filter>Source Files</Filter>
    </ClCompile>
    <ClCompile Include="Portugal\por_awards.cpp">
      <Filter>Source Files</Filter>
    </ClCompile>
    <ClCompile Include="Italy\ita_super.cpp">
      <Filter>Source Files</Filter>
    </ClCompile>
    <ClCompile Include="setup_misc_functions.cpp">
      <Filter>Source Files</Filter>
    </ClCompile>
    <ClCompile Include="Brazil\bra_setup.cpp">
      <Filter>Source Files</Filter>
    </ClCompile>
    <ClCompile Include="Brazil\bra_first.cpp">
      <Filter>Source Files</Filter>
    </ClCompile>
    <ClCompile Include="Brazil\bra_second.cpp">
      <Filter>Source Files</Filter>
    </ClCompile>
    <ClCompile Include="Brazil\bra_third.cpp">
      <Filter>Source Files</Filter>
    </ClCompile>
    <ClCompile Include="Brazil\bra_fourth.cpp">
      <Filter>Source Files</Filter>
    </ClCompile>
    <ClCompile Include="Brazil\bra_reg_bahia.cpp">
      <Filter>Source Files</Filter>
    </ClCompile>
    <ClCompile Include="Brazil\bra_reg_goias.cpp">
      <Filter>Source Files</Filter>
    </ClCompile>
    <ClCompile Include="Brazil\bra_reg_parana.cpp">
      <Filter>Source Files</Filter>
    </ClCompile>
    <ClCompile Include="Brazil\bra_reg_pernambuco.cpp">
      <Filter>Source Files</Filter>
    </ClCompile>
    <ClCompile Include="Brazil\bra_reg_catarina.cpp">
      <Filter>Source Files</Filter>
    </ClCompile>
    <ClCompile Include="Brazil\bra_reg_rio.cpp">
      <Filter>Source Files</Filter>
    </ClCompile>
    <ClCompile Include="Brazil\bra_reg_paulo.cpp">
      <Filter>Source Files</Filter>
    </ClCompile>
    <ClCompile Include="Brazil\bra_reg_central.cpp">
      <Filter>Source Files</Filter>
    </ClCompile>
    <ClCompile Include="Brazil\bra_reg_north.cpp">
      <Filter>Source Files</Filter>
    </ClCompile>
    <ClCompile Include="Brazil\bra_reg_northeast.cpp">
      <Filter>Source Files</Filter>
    </ClCompile>
    <ClCompile Include="Brazil\bra_reg_gaucho.cpp">
      <Filter>Source Files</Filter>
    </ClCompile>
    <ClCompile Include="Brazil\bra_reg_minas.cpp">
      <Filter>Source Files</Filter>
    </ClCompile>
    <ClCompile Include="Brazil\bra_cup.cpp">
      <Filter>Source Files</Filter>
    </ClCompile>
    <ClCompile Include="Brazil\bra_super.cpp">
      <Filter>Source Files</Filter>
    </ClCompile>
    <ClCompile Include="Brazil\bra_awards.cpp">
      <Filter>Source Files</Filter>
    </ClCompile>
    <ClCompile Include="USA\usa_setup.cpp">
      <Filter>Source Files</Filter>
    </ClCompile>
    <ClCompile Include="USA\usa_mls.cpp">
      <Filter>Source Files</Filter>
    </ClCompile>
    <ClCompile Include="USA\usa_champ.cpp">
      <Filter>Source Files</Filter>
    </ClCompile>
    <ClCompile Include="USA\usa_cup.cpp">
      <Filter>Source Files</Filter>
    </ClCompile>
    <ClCompile Include="USA\usa_awards.cpp">
      <Filter>Source Files</Filter>
    </ClCompile>
    <ClCompile Include="Poland\pol_setup.cpp">
      <Filter>Source Files</Filter>
    </ClCompile>
    <ClCompile Include="Poland\pol_first.cpp">
      <Filter>Source Files</Filter>
    </ClCompile>
    <ClCompile Include="Poland\pol_second.cpp">
      <Filter>Source Files</Filter>
    </ClCompile>
    <ClCompile Include="Poland\pol_cup.cpp">
      <Filter>Source Files</Filter>
    </ClCompile>
    <ClCompile Include="Poland\pol_super.cpp">
      <Filter>Source Files</Filter>
    </ClCompile>
    <ClCompile Include="France\fra_setup.cpp">
      <Filter>Source Files</Filter>
    </ClCompile>
    <ClCompile Include="France\fra_first.cpp">
      <Filter>Source Files</Filter>
    </ClCompile>
    <ClCompile Include="France\fra_second.cpp">
      <Filter>Source Files</Filter>
    </ClCompile>
    <ClCompile Include="France\fra_third.cpp">
      <Filter>Source Files</Filter>
    </ClCompile>
    <ClCompile Include="France\fra_cup.cpp">
      <Filter>Source Files</Filter>
    </ClCompile>
    <ClCompile Include="France\fra_super.cpp">
      <Filter>Source Files</Filter>
    </ClCompile>
    <ClCompile Include="Denmark\den_setup.cpp">
      <Filter>Source Files</Filter>
    </ClCompile>
    <ClCompile Include="Denmark\den_premier.cpp">
      <Filter>Source Files</Filter>
    </ClCompile>
    <ClCompile Include="Denmark\den_first.cpp">
      <Filter>Source Files</Filter>
    </ClCompile>
    <ClCompile Include="Denmark\den_second.cpp">
      <Filter>Source Files</Filter>
    </ClCompile>
    <ClCompile Include="Denmark\den_third.cpp">
      <Filter>Source Files</Filter>
    </ClCompile>
    <ClCompile Include="Denmark\den_cup.cpp">
      <Filter>Source Files</Filter>
    </ClCompile>
    <ClCompile Include="Denmark\den_awards.cpp">
      <Filter>Source Files</Filter>
    </ClCompile>
    <ClCompile Include="Japan\jpn_setup.cpp">
      <Filter>Source Files</Filter>
    </ClCompile>
    <ClCompile Include="Japan\jpn_first.cpp">
      <Filter>Source Files</Filter>
    </ClCompile>
    <ClCompile Include="Japan\jpn_second.cpp">
      <Filter>Source Files</Filter>
    </ClCompile>
    <ClCompile Include="Japan\jpn_third.cpp">
      <Filter>Source Files</Filter>
    </ClCompile>
    <ClCompile Include="Japan\jpn_jfl.cpp">
      <Filter>Source Files</Filter>
    </ClCompile>
    <ClCompile Include="Japan\jpn_cup.cpp">
      <Filter>Source Files</Filter>
    </ClCompile>
    <ClCompile Include="Japan\jpn_league_cup.cpp">
      <Filter>Source Files</Filter>
    </ClCompile>
    <ClCompile Include="Japan\jpn_super.cpp">
      <Filter>Source Files</Filter>
    </ClCompile>
    <ClCompile Include="Sweden\swe_setup.cpp">
      <Filter>Source Files</Filter>
    </ClCompile>
    <ClCompile Include="Sweden\swe_premier.cpp">
      <Filter>Source Files</Filter>
    </ClCompile>
    <ClCompile Include="Sweden\swe_first.cpp">
      <Filter>Source Files</Filter>
    </ClCompile>
    <ClCompile Include="Sweden\swe_second.cpp">
      <Filter>Source Files</Filter>
    </ClCompile>
    <ClCompile Include="Sweden\swe_third.cpp">
      <Filter>Source Files</Filter>
    </ClCompile>
    <ClCompile Include="Sweden\swe_cup.cpp">
      <Filter>Source Files</Filter>
    </ClCompile>
    <ClCompile Include="Holland\hol_setup.cpp">
      <Filter>Source Files</Filter>
    </ClCompile>
    <ClCompile Include="Holland\hol_first.cpp">
      <Filter>Source Files</Filter>
    </ClCompile>
    <ClCompile Include="Holland\hol_second.cpp">
      <Filter>Source Files</Filter>
    </ClCompile>
    <ClCompile Include="Holland\hol_cup.cpp">
      <Filter>Source Files</Filter>
    </ClCompile>
    <ClCompile Include="Holland\hol_super.cpp">
      <Filter>Source Files</Filter>
    </ClCompile>
    <ClCompile Include="Norway\nor_setup.cpp">
      <Filter>Source Files</Filter>
    </ClCompile>
    <ClCompile Include="Norway\nor_premier.cpp">
      <Filter>Source Files</Filter>
    </ClCompile>
    <ClCompile Include="Norway\nor_first.cpp">
      <Filter>Source Files</Filter>
    </ClCompile>
    <ClCompile Include="Norway\nor_second.cpp">
      <Filter>Source Files</Filter>
    </ClCompile>
    <ClCompile Include="Norway\nor_third.cpp">
      <Filter>Source Files</Filter>
    </ClCompile>
    <ClCompile Include="Norway\nor_cup.cpp">
      <Filter>Source Files</Filter>
    </ClCompile>
    <ClCompile Include="South Korea\kor_setup.cpp">
      <Filter>Source Files</Filter>
    </ClCompile>
    <ClCompile Include="South Korea\kor_first.cpp">
      <Filter>Source Files</Filter>
    </ClCompile>
    <ClCompile Include="South Korea\kor_second.cpp">
      <Filter>Source Files</Filter>
    </ClCompile>
    <ClCompile Include="South Korea\kor_cup.cpp">
      <Filter>Source Files</Filter>
    </ClCompile>
    <ClCompile Include="South Korea\kor_super.cpp">
      <Filter>Source Files</Filter>
    </ClCompile>
    <ClCompile Include="South Korea\kor_awards.cpp">
      <Filter>Source Files</Filter>
    </ClCompile>
    <ClCompile Include="Finland\fin_setup.cpp">
      <Filter>Source Files</Filter>
    </ClCompile>
    <ClCompile Include="Finland\fin_premier.cpp">
      <Filter>Source Files</Filter>
    </ClCompile>
    <ClCompile Include="Finland\fin_first.cpp">
      <Filter>Source Files</Filter>
    </ClCompile>
    <ClCompile Include="Finland\fin_second.cpp">
      <Filter>Source Files</Filter>
    </ClCompile>
    <ClCompile Include="Finland\fin_third.cpp">
      <Filter>Source Files</Filter>
    </ClCompile>
    <ClCompile Include="Finland\fin_cup.cpp">
      <Filter>Source Files</Filter>
    </ClCompile>
    <ClCompile Include="Finland\fin_awards.cpp">
      <Filter>Source Files</Filter>
    </ClCompile>
    <ClCompile Include="Greece\gre_setup.cpp">
      <Filter>Source Files</Filter>
    </ClCompile>
    <ClCompile Include="Greece\gre_first.cpp">
      <Filter>Source Files</Filter>
    </ClCompile>
    <ClCompile Include="Greece\gre_second.cpp">
      <Filter>Source Files</Filter>
    </ClCompile>
    <ClCompile Include="Greece\gre_cup.cpp">
      <Filter>Source Files</Filter>
    </ClCompile>
    <ClCompile Include="Greece\gre_super.cpp">
      <Filter>Source Files</Filter>
    </ClCompile>
    <ClCompile Include="Poland\pol_third.cpp">
      <Filter>Source Files</Filter>
    </ClCompile>
    <ClCompile Include="Norway\nor_awards.cpp">
      <Filter>Source Files</Filter>
    </ClCompile>
    <ClCompile Include="Poland\pol_awards.cpp">
      <Filter>Source Files</Filter>
    </ClCompile>
    <ClCompile Include="Holland\hol_awards.cpp">
      <Filter>Source Files</Filter>
    </ClCompile>
    <ClCompile Include="leagues_setup.cpp">
      <Filter>Source Files</Filter>
    </ClCompile>
    <ClCompile Include="UEFA\uefa_setup.cpp">
      <Filter>Source Files</Filter>
    </ClCompile>
    <ClCompile Include="UEFA\uefa_champions_league.cpp">
      <Filter>Source Files</Filter>
    </ClCompile>
    <ClCompile Include="UEFA\uefa_europa_league.cpp">
      <Filter>Source Files</Filter>
    </ClCompile>
    <ClCompile Include="UEFA\uefa_conference_league.cpp">
      <Filter>Source Files</Filter>
    </ClCompile>
    <ClCompile Include="CONMEBOL\conmebol_libertadores.cpp">
      <Filter>Source Files</Filter>
    </ClCompile>
    <ClCompile Include="CONMEBOL\conmebol_setup.cpp">
      <Filter>Source Files</Filter>
    </ClCompile>
    <ClCompile Include="CONMEBOL\conmebol_sudamericana.cpp">
      <Filter>Source Files</Filter>
    </ClCompile>
    <ClCompile Include="AFC\afc_setup.cpp">
      <Filter>Source Files</Filter>
    </ClCompile>
    <ClCompile Include="AFC\afc_champions_league_elite.cpp">
      <Filter>Source Files</Filter>
    </ClCompile>
    <ClCompile Include="CAF\caf_setup.cpp">
      <Filter>Source Files</Filter>
    </ClCompile>
    <ClCompile Include="AFC\afc_champions_league_2.cpp">
      <Filter>Source Files</Filter>
    </ClCompile>
    <ClCompile Include="AFC\afc_challenge_league.cpp">
      <Filter>Source Files</Filter>
    </ClCompile>
    <ClCompile Include="CAF\caf_champions_league.cpp">
      <Filter>Source Files</Filter>
    </ClCompile>
    <ClCompile Include="CAF\caf_confederation_cup.cpp">
      <Filter>Source Files</Filter>
    </ClCompile>
    <ClCompile Include="CAF\caf_super_cup.cpp">
      <Filter>Source Files</Filter>
    </ClCompile>
    <ClCompile Include="CONMEBOL\conmebol_recopa.cpp">
      <Filter>Source Files</Filter>
    </ClCompile>
    <ClCompile Include="UEFA\uefa_super_cup.cpp">
      <Filter>Source Files</Filter>
    </ClCompile>
    <ClCompile Include="CONCACAF\concacaf_setup.cpp">
      <Filter>Source Files</Filter>
    </ClCompile>
    <ClCompile Include="CONCACAF\concacaf_champions_cup.cpp">
      <Filter>Source Files</Filter>
    </ClCompile>
    <ClCompile Include="OFC\ofc_setup.cpp">
      <Filter>Source Files</Filter>
    </ClCompile>
    <ClCompile Include="OFC\ofc_champions_league.cpp">
      <Filter>Source Files</Filter>
    </ClCompile>
    <ClCompile Include="FIFA\fifa_club_setup.cpp">
      <Filter>Source Files</Filter>
    </ClCompile>
    <ClCompile Include="FIFA\fifa_club_world_cup.cpp">
      <Filter>Source Files</Filter>
    </ClCompile>
    <ClCompile Include="FIFA\fifa_intercontinental_cup.cpp">
      <Filter>Source Files</Filter>
    </ClCompile>
    <ClCompile Include="England\eng_league_1.cpp">
      <Filter>Source Files</Filter>
    </ClCompile>
    <ClCompile Include="England\eng_league_cup.cpp">
      <Filter>Source Files</Filter>
    </ClCompile>
    <ClCompile Include="England\eng_league_trophy.cpp">
      <Filter>Source Files</Filter>
    </ClCompile>
    <ClCompile Include="Australia\aus_setup.cpp">
      <Filter>Source Files</Filter>
    </ClCompile>
    <ClCompile Include="Australia\aus_league.cpp">
      <Filter>Source Files</Filter>
    </ClCompile>
    <ClCompile Include="Australia\aus_cup.cpp">
      <Filter>Source Files</Filter>
    </ClCompile>
    <ClCompile Include="currency.cpp">
      <Filter>Source Files</Filter>
    </ClCompile>
  </ItemGroup>
  <ItemGroup>
    <ClInclude Include="Config.h">
      <Filter>Header Files</Filter>
    </ClInclude>
    <ClInclude Include="NString.h">
      <Filter>Header Files</Filter>
    </ClInclude>
    <ClInclude Include="tiny-json.h">
      <Filter>Header Files</Filter>
    </ClInclude>
    <ClInclude Include="inject_9cf_rename.h">
      <Filter>Header Files</Filter>
    </ClInclude>
    <ClInclude Include="England\eng_conf.h">
      <Filter>Header Files</Filter>
    </ClInclude>
    <ClInclude Include="England\eng_fa_cup.h">
      <Filter>Header Files</Filter>
    </ClInclude>
    <ClInclude Include="England\eng_setup.h">
      <Filter>Header Files</Filter>
    </ClInclude>
    <ClInclude Include="England\eng_league_2.h">
      <Filter>Header Files</Filter>
    </ClInclude>
    <ClInclude Include="Helpers\constants.h">
      <Filter>Header Files</Filter>
    </ClInclude>
    <ClInclude Include="Helpers\generic_functions.h">
      <Filter>Header Files</Filter>
    </ClInclude>
    <ClInclude Include="Helpers\Helper.h">
      <Filter>Header Files</Filter>
    </ClInclude>
    <ClInclude Include="Structures\CMHeader.h">
      <Filter>Header Files</Filter>
    </ClInclude>
    <ClInclude Include="Structures\Date.h">
      <Filter>Header Files</Filter>
    </ClInclude>
    <ClInclude Include="Structures\vtable.h">
      <Filter>Header Files</Filter>
    </ClInclude>
    <ClInclude Include="England\eng_premier.h">
      <Filter>Header Files</Filter>
    </ClInclude>
    <ClInclude Include="England\eng_conf_n.h">
      <Filter>Header Files</Filter>
    </ClInclude>
    <ClInclude Include="England\eng_conf_s.h">
      <Filter>Header Files</Filter>
    </ClInclude>
    <ClInclude Include="England\eng_fa_trophy.h">
      <Filter>Header Files</Filter>
    </ClInclude>
    <ClInclude Include="England\eng_champ.h">
      <Filter>Header Files</Filter>
    </ClInclude>
    <ClInclude Include="Italy\ita_setup.h">
      <Filter>Header Files</Filter>
    </ClInclude>
    <ClInclude Include="England\eng_awards.h">
      <Filter>Header Files</Filter>
    </ClInclude>
    <ClInclude Include="Italy\ita_awards.h">
      <Filter>Header Files</Filter>
    </ClInclude>
    <ClInclude Include="Italy\ita_ser_c.h">
      <Filter>Header Files</Filter>
    </ClInclude>
    <ClInclude Include="Italy\ita_cup.h">
      <Filter>Header Files</Filter>
    </ClInclude>
    <ClInclude Include="Italy\ita_c_cup.h">
      <Filter>Header Files</Filter>
    </ClInclude>
    <ClInclude Include="Italy\ita_ser_a.h">
      <Filter>Header Files</Filter>
    </ClInclude>
    <ClInclude Include="Italy\ita_ser_b.h">
      <Filter>Header Files</Filter>
    </ClInclude>
    <ClInclude Include="Italy\ita_c_supercup.h">
      <Filter>Header Files</Filter>
    </ClInclude>
    <ClInclude Include="Croatia\cro_setup.h">
      <Filter>Header Files</Filter>
    </ClInclude>
    <ClInclude Include="Croatia\cro_first.h">
      <Filter>Header Files</Filter>
    </ClInclude>
    <ClInclude Include="Croatia\cro_second.h">
      <Filter>Header Files</Filter>
    </ClInclude>
    <ClInclude Include="Croatia\cro_third.h">
      <Filter>Header Files</Filter>
    </ClInclude>
    <ClInclude Include="Croatia\cro_awards.h">
      <Filter>Header Files</Filter>
    </ClInclude>
    <ClInclude Include="Croatia\cro_cup.h">
      <Filter>Header Files</Filter>
    </ClInclude>
    <ClInclude Include="Croatia\cro_super.h">
      <Filter>Header Files</Filter>
    </ClInclude>
    <ClInclude Include="Germany\ger_setup.h">
      <Filter>Header Files</Filter>
    </ClInclude>
    <ClInclude Include="Germany\ger_first.h">
      <Filter>Header Files</Filter>
    </ClInclude>
    <ClInclude Include="Germany\ger_second.h">
      <Filter>Header Files</Filter>
    </ClInclude>
    <ClInclude Include="Germany\ger_third.h">
      <Filter>Header Files</Filter>
    </ClInclude>
    <ClInclude Include="Helpers\9cf_constants.h">
      <Filter>Header Files</Filter>
    </ClInclude>
    <ClInclude Include="Helpers\YearChanger.h">
      <Filter>Header Files</Filter>
    </ClInclude>
    <ClInclude Include="Germany\ger_regional.h">
      <Filter>Header Files</Filter>
    </ClInclude>
    <ClInclude Include="Germany\ger_cup.h">
      <Filter>Header Files</Filter>
    </ClInclude>
    <ClInclude Include="Germany\ger_super.h">
      <Filter>Header Files</Filter>
    </ClInclude>
    <ClInclude Include="Germany\ger_awards.h">
      <Filter>Header Files</Filter>
    </ClInclude>
    <ClInclude Include="Germany\ger_awards_default.h">
      <Filter>Header Files</Filter>
    </ClInclude>
    <ClInclude Include="Portugal\por_setup.h">
      <Filter>Header Files</Filter>
    </ClInclude>
    <ClInclude Include="Portugal\por_first.h">
      <Filter>Header Files</Filter>
    </ClInclude>
    <ClInclude Include="Portugal\por_second.h">
      <Filter>Header Files</Filter>
    </ClInclude>
    <ClInclude Include="Portugal\por_third.h">
      <Filter>Header Files</Filter>
    </ClInclude>
    <ClInclude Include="Portugal\por_fourth.h">
      <Filter>Header Files</Filter>
    </ClInclude>
    <ClInclude Include="Portugal\por_cup.h">
      <Filter>Header Files</Filter>
    </ClInclude>
    <ClInclude Include="Portugal\por_league_cup.h">
      <Filter>Header Files</Filter>
    </ClInclude>
    <ClInclude Include="Portugal\por_awards.h">
      <Filter>Header Files</Filter>
    </ClInclude>
    <ClInclude Include="Portugal\por_super.h">
      <Filter>Header Files</Filter>
    </ClInclude>
    <ClInclude Include="Italy\ita_super.h">
      <Filter>Header Files</Filter>
    </ClInclude>
    <ClInclude Include="setup_misc_functions.h">
      <Filter>Header Files</Filter>
    </ClInclude>
    <ClInclude Include="Brazil\bra_setup.h">
      <Filter>Header Files</Filter>
    </ClInclude>
    <ClInclude Include="Brazil\bra_first.h">
      <Filter>Header Files</Filter>
    </ClInclude>
    <ClInclude Include="Brazil\bra_second.h">
      <Filter>Header Files</Filter>
    </ClInclude>
    <ClInclude Include="Brazil\bra_third.h">
      <Filter>Header Files</Filter>
    </ClInclude>
    <ClInclude Include="Brazil\bra_fourth.h">
      <Filter>Header Files</Filter>
    </ClInclude>
    <ClInclude Include="Brazil\bra_reg_bahia.h">
      <Filter>Header Files</Filter>
    </ClInclude>
    <ClInclude Include="Brazil\bra_reg_goias.h">
      <Filter>Header Files</Filter>
    </ClInclude>
    <ClInclude Include="Brazil\bra_reg_parana.h">
      <Filter>Header Files</Filter>
    </ClInclude>
    <ClInclude Include="Brazil\bra_reg_pernambuco.h">
      <Filter>Header Files</Filter>
    </ClInclude>
    <ClInclude Include="Brazil\bra_reg_catarina.h">
      <Filter>Header Files</Filter>
    </ClInclude>
    <ClInclude Include="Brazil\bra_reg_rio.h">
      <Filter>Header Files</Filter>
    </ClInclude>
    <ClInclude Include="Brazil\bra_reg_paulo.h">
      <Filter>Header Files</Filter>
    </ClInclude>
    <ClInclude Include="Brazil\bra_reg_central.h">
      <Filter>Header Files</Filter>
    </ClInclude>
    <ClInclude Include="Brazil\bra_reg_north.h">
      <Filter>Header Files</Filter>
    </ClInclude>
    <ClInclude Include="Brazil\bra_reg_northeast.h">
      <Filter>Header Files</Filter>
    </ClInclude>
    <ClInclude Include="Brazil\bra_reg_gaucho.h">
      <Filter>Header Files</Filter>
    </ClInclude>
    <ClInclude Include="Brazil\bra_reg_minas.h">
      <Filter>Header Files</Filter>
    </ClInclude>
    <ClInclude Include="Brazil\bra_cup.h">
      <Filter>Header Files</Filter>
    </ClInclude>
    <ClInclude Include="Brazil\bra_super.h">
      <Filter>Header Files</Filter>
    </ClInclude>
    <ClInclude Include="Brazil\bra_awards.h">
      <Filter>Header Files</Filter>
    </ClInclude>
    <ClInclude Include="Brazil\bra_state_league_list.cpp">
      <Filter>Header Files</Filter>
    </ClInclude>
    <ClInclude Include="Brazil\bra_state_league_list.h">
      <Filter>Header Files</Filter>
    </ClInclude>
    <ClInclude Include="USA\usa_setup.h">
      <Filter>Header Files</Filter>
    </ClInclude>
    <ClInclude Include="USA\usa_mls.h">
      <Filter>Header Files</Filter>
    </ClInclude>
    <ClInclude Include="USA\usa_champ.h">
      <Filter>Header Files</Filter>
    </ClInclude>
    <ClInclude Include="USA\usa_cup.h">
      <Filter>Header Files</Filter>
    </ClInclude>
    <ClInclude Include="USA\usa_awards.h">
      <Filter>Header Files</Filter>
    </ClInclude>
    <ClInclude Include="Poland\pol_setup.h">
      <Filter>Header Files</Filter>
    </ClInclude>
    <ClInclude Include="Poland\pol_first.h">
      <Filter>Header Files</Filter>
    </ClInclude>
    <ClInclude Include="Poland\pol_second.h">
      <Filter>Header Files</Filter>
    </ClInclude>
    <ClInclude Include="Poland\pol_cup.h">
      <Filter>Header Files</Filter>
    </ClInclude>
    <ClInclude Include="Poland\pol_super.h">
      <Filter>Header Files</Filter>
    </ClInclude>
    <ClInclude Include="France\fra_setup.h">
      <Filter>Header Files</Filter>
    </ClInclude>
    <ClInclude Include="France\fra_first.h">
      <Filter>Header Files</Filter>
    </ClInclude>
    <ClInclude Include="France\fra_second.h">
      <Filter>Header Files</Filter>
    </ClInclude>
    <ClInclude Include="France\fra_third.h">
      <Filter>Header Files</Filter>
    </ClInclude>
    <ClInclude Include="France\fra_cup.h">
      <Filter>Header Files</Filter>
    </ClInclude>
    <ClInclude Include="France\fra_super.h">
      <Filter>Header Files</Filter>
    </ClInclude>
    <ClInclude Include="Denmark\den_setup.h">
      <Filter>Header Files</Filter>
    </ClInclude>
    <ClInclude Include="Denmark\den_premier.h">
      <Filter>Header Files</Filter>
    </ClInclude>
    <ClInclude Include="Denmark\den_first.h">
      <Filter>Header Files</Filter>
    </ClInclude>
    <ClInclude Include="Denmark\den_second.h">
      <Filter>Header Files</Filter>
    </ClInclude>
    <ClInclude Include="Denmark\den_third.h">
      <Filter>Header Files</Filter>
    </ClInclude>
    <ClInclude Include="Denmark\den_cup.h">
      <Filter>Header Files</Filter>
    </ClInclude>
    <ClInclude Include="Denmark\den_awards.h">
      <Filter>Header Files</Filter>
    </ClInclude>
    <ClInclude Include="Japan\jpn_setup.h">
      <Filter>Header Files</Filter>
    </ClInclude>
    <ClInclude Include="Japan\jpn_first.h">
      <Filter>Header Files</Filter>
    </ClInclude>
    <ClInclude Include="Japan\jpn_second.h">
      <Filter>Header Files</Filter>
    </ClInclude>
    <ClInclude Include="Japan\jpn_third.h">
      <Filter>Header Files</Filter>
    </ClInclude>
    <ClInclude Include="Japan\jpn_jfl.h">
      <Filter>Header Files</Filter>
    </ClInclude>
    <ClInclude Include="Japan\jpn_cup.h">
      <Filter>Header Files</Filter>
    </ClInclude>
    <ClInclude Include="Japan\jpn_league_cup.h">
      <Filter>Header Files</Filter>
    </ClInclude>
    <ClInclude Include="Japan\jpn_super.h">
      <Filter>Header Files</Filter>
    </ClInclude>
    <ClInclude Include="Sweden\swe_setup.h">
      <Filter>Header Files</Filter>
    </ClInclude>
    <ClInclude Include="Sweden\swe_premier.h">
      <Filter>Header Files</Filter>
    </ClInclude>
    <ClInclude Include="Sweden\swe_first.h">
      <Filter>Header Files</Filter>
    </ClInclude>
    <ClInclude Include="Sweden\swe_second.h">
      <Filter>Header Files</Filter>
    </ClInclude>
    <ClInclude Include="Sweden\swe_third.h">
      <Filter>Header Files</Filter>
    </ClInclude>
    <ClInclude Include="Sweden\swe_cup.h">
      <Filter>Header Files</Filter>
    </ClInclude>
    <ClInclude Include="Holland\hol_setup.h">
      <Filter>Header Files</Filter>
    </ClInclude>
    <ClInclude Include="Holland\hol_first.h">
      <Filter>Header Files</Filter>
    </ClInclude>
    <ClInclude Include="Holland\hol_second.h">
      <Filter>Header Files</Filter>
    </ClInclude>
    <ClInclude Include="Holland\hol_cup.h">
      <Filter>Header Files</Filter>
    </ClInclude>
    <ClInclude Include="Holland\hol_super.h">
      <Filter>Header Files</Filter>
    </ClInclude>
    <ClInclude Include="Norway\nor_setup.h">
      <Filter>Header Files</Filter>
    </ClInclude>
    <ClInclude Include="Norway\nor_premier.h">
      <Filter>Header Files</Filter>
    </ClInclude>
    <ClInclude Include="Norway\nor_first.h">
      <Filter>Header Files</Filter>
    </ClInclude>
    <ClInclude Include="Norway\nor_second.h">
      <Filter>Header Files</Filter>
    </ClInclude>
    <ClInclude Include="Norway\nor_third.h">
      <Filter>Header Files</Filter>
    </ClInclude>
    <ClInclude Include="Norway\nor_cup.h">
      <Filter>Header Files</Filter>
    </ClInclude>
    <ClInclude Include="South Korea\kor_setup.h">
      <Filter>Header Files</Filter>
    </ClInclude>
    <ClInclude Include="South Korea\kor_first.h">
      <Filter>Header Files</Filter>
    </ClInclude>
    <ClInclude Include="South Korea\kor_second.h">
      <Filter>Header Files</Filter>
    </ClInclude>
    <ClInclude Include="South Korea\kor_cup.h">
      <Filter>Header Files</Filter>
    </ClInclude>
    <ClInclude Include="South Korea\kor_super.h">
      <Filter>Header Files</Filter>
    </ClInclude>
    <ClInclude Include="South Korea\kor_awards.h">
      <Filter>Header Files</Filter>
    </ClInclude>
    <ClInclude Include="Finland\fin_setup.h">
      <Filter>Header Files</Filter>
    </ClInclude>
    <ClInclude Include="Finland\fin_premier.h">
      <Filter>Header Files</Filter>
    </ClInclude>
    <ClInclude Include="Finland\fin_first.h">
      <Filter>Header Files</Filter>
    </ClInclude>
    <ClInclude Include="Finland\fin_second.h">
      <Filter>Header Files</Filter>
    </ClInclude>
    <ClInclude Include="Finland\fin_third.h">
      <Filter>Header Files</Filter>
    </ClInclude>
    <ClInclude Include="Finland\fin_cup.h">
      <Filter>Header Files</Filter>
    </ClInclude>
    <ClInclude Include="Finland\fin_awards.h">
      <Filter>Header Files</Filter>
    </ClInclude>
    <ClInclude Include="Greece\gre_setup.h">
      <Filter>Header Files</Filter>
    </ClInclude>
    <ClInclude Include="Greece\gre_first.h">
      <Filter>Header Files</Filter>
    </ClInclude>
    <ClInclude Include="Greece\gre_second.h">
      <Filter>Header Files</Filter>
    </ClInclude>
    <ClInclude Include="Greece\gre_cup.h">
      <Filter>Header Files</Filter>
    </ClInclude>
    <ClInclude Include="Greece\gre_super.h">
      <Filter>Header Files</Filter>
    </ClInclude>
    <ClInclude Include="Poland\pol_third.h">
      <Filter>Header Files</Filter>
    </ClInclude>
    <ClInclude Include="Norway\nor_awards.h">
      <Filter>Header Files</Filter>
    </ClInclude>
    <ClInclude Include="Poland\pol_awards.h">
      <Filter>Header Files</Filter>
    </ClInclude>
    <ClInclude Include="Holland\hol_awards.h">
      <Filter>Header Files</Filter>
    </ClInclude>
    <ClInclude Include="leagues_setup.h">
      <Filter>Header Files</Filter>
    </ClInclude>
    <ClInclude Include="UEFA\uefa_setup.h">
      <Filter>Header Files</Filter>
    </ClInclude>
    <ClInclude Include="UEFA\uefa_champions_league.h">
      <Filter>Header Files</Filter>
    </ClInclude>
    <ClInclude Include="UEFA\uefa_europa_league.h">
      <Filter>Header Files</Filter>
    </ClInclude>
    <ClInclude Include="UEFA\uefa_conference_league.h">
      <Filter>Header Files</Filter>
    </ClInclude>
    <ClInclude Include="CONMEBOL\conmebol_libertadores.h">
      <Filter>Header Files</Filter>
    </ClInclude>
    <ClInclude Include="CONMEBOL\conmebol_setup.h">
      <Filter>Header Files</Filter>
    </ClInclude>
    <ClInclude Include="CONMEBOL\conmebol_sudamericana.h">
      <Filter>Header Files</Filter>
    </ClInclude>
    <ClInclude Include="AFC\afc_setup.h">
      <Filter>Header Files</Filter>
    </ClInclude>
    <ClInclude Include="AFC\afc_champions_league_elite.h">
      <Filter>Header Files</Filter>
    </ClInclude>
    <ClInclude Include="AFC\afc_champions_league_2.h">
      <Filter>Header Files</Filter>
    </ClInclude>
    <ClInclude Include="AFC\afc_challenge_league.h">
      <Filter>Header Files</Filter>
    </ClInclude>
    <ClInclude Include="CAF\caf_setup.h">
      <Filter>Header Files</Filter>
    </ClInclude>
    <ClInclude Include="CAF\caf_champions_league.h">
      <Filter>Header Files</Filter>
    </ClInclude>
    <ClInclude Include="CAF\caf_confederation_cup.h">
      <Filter>Header Files</Filter>
    </ClInclude>
    <ClInclude Include="CAF\caf_super_cup.h">
      <Filter>Header Files</Filter>
    </ClInclude>
    <ClInclude Include="CONMEBOL\conmebol_recopa.h">
      <Filter>Header Files</Filter>
    </ClInclude>
    <ClInclude Include="UEFA\uefa_super_cup.h">
      <Filter>Header Files</Filter>
    </ClInclude>
    <ClInclude Include="CONCACAF\concacaf_setup.h">
      <Filter>Header Files</Filter>
    </ClInclude>
    <ClInclude Include="CONCACAF\concacaf_champions_cup.h">
      <Filter>Header Files</Filter>
    </ClInclude>
    <ClInclude Include="OFC\ofc_setup.h">
      <Filter>Header Files</Filter>
    </ClInclude>
    <ClInclude Include="OFC\ofc_champions_league.h">
      <Filter>Header Files</Filter>
    </ClInclude>
    <ClInclude Include="FIFA\fifa_club_setup.h">
      <Filter>Header Files</Filter>
    </ClInclude>
    <ClInclude Include="FIFA\fifa_club_world_cup.h">
      <Filter>Header Files</Filter>
    </ClInclude>
    <ClInclude Include="FIFA\fifa_intercontinental_cup.h">
      <Filter>Header Files</Filter>
    </ClInclude>
    <ClInclude Include="England\eng_league_1.h">
      <Filter>Header Files</Filter>
    </ClInclude>
    <ClInclude Include="England\eng_league_cup.h">
      <Filter>Header Files</Filter>
    </ClInclude>
    <ClInclude Include="England\eng_league_trophy.h">
      <Filter>Header Files</Filter>
    </ClInclude>
    <ClInclude Include="Australia\aus_setup.h">
      <Filter>Header Files</Filter>
    </ClInclude>
    <ClInclude Include="Australia\aus_league.h">
      <Filter>Header Files</Filter>
    </ClInclude>
    <ClInclude Include="Australia\aus_cup.h">
      <Filter>Header Files</Filter>
    </ClInclude>
    <ClInclude Include="currency.h">
      <Filter>Header Files</Filter>
    </ClInclude>
  </ItemGroup>
</Project>